// !$*UTF8*$!
{
	archiveVersion = 1;
	classes = {
	};
	objectVersion = 54;
	objects = {

/* Begin PBXBuildFile section */
		630CBDB12689331E002641BE /* HapticsHelper.swift in Sources */ = {isa = PBXBuildFile; fileRef = 630CBDB02689331E002641BE /* HapticsHelper.swift */; };
		6311C7642C865F9000E70312 /* AuthenticationManager.swift in Sources */ = {isa = PBXBuildFile; fileRef = 6311C7632C865F9000E70312 /* AuthenticationManager.swift */; };
		6311C7672C8660E400E70312 /* FirebaseAnalytics in Frameworks */ = {isa = PBXBuildFile; productRef = 6311C7662C8660E400E70312 /* FirebaseAnalytics */; };
		6311C7692C8660E400E70312 /* FirebaseAuth in Frameworks */ = {isa = PBXBuildFile; productRef = 6311C7682C8660E400E70312 /* FirebaseAuth */; };
		6311C76B2C8660E400E70312 /* FirebaseCrashlytics in Frameworks */ = {isa = PBXBuildFile; productRef = 6311C76A2C8660E400E70312 /* FirebaseCrashlytics */; };
		6311C76D2C8660E400E70312 /* FirebaseFirestore in Frameworks */ = {isa = PBXBuildFile; productRef = 6311C76C2C8660E400E70312 /* FirebaseFirestore */; };
		6311C7712C8664A000E70312 /* AuthenticationViewModel.swift in Sources */ = {isa = PBXBuildFile; fileRef = 6311C7702C8664A000E70312 /* AuthenticationViewModel.swift */; };
		6311C7732C8664D300E70312 /* AuthenticationView.swift in Sources */ = {isa = PBXBuildFile; fileRef = 6311C7722C8664D300E70312 /* AuthenticationView.swift */; };
		6311C7752C8665B700E70312 /* GoogleService-Info.plist in Resources */ = {isa = PBXBuildFile; fileRef = 6311C7742C8665B700E70312 /* GoogleService-Info.plist */; };
		6311C7782C86663600E70312 /* GoogleSignIn in Frameworks */ = {isa = PBXBuildFile; productRef = 6311C7772C86663600E70312 /* GoogleSignIn */; };
		6311C77A2C86663600E70312 /* GoogleSignInSwift in Frameworks */ = {isa = PBXBuildFile; productRef = 6311C7792C86663600E70312 /* GoogleSignInSwift */; };
		6311C77D2C8667F100E70312 /* UserManager.swift in Sources */ = {isa = PBXBuildFile; fileRef = 6311C77C2C8667F100E70312 /* UserManager.swift */; };
		6311C7842C866BE000E70312 /* Query+EXT.swift in Sources */ = {isa = PBXBuildFile; fileRef = 6311C7832C866BE000E70312 /* Query+EXT.swift */; };
		6311C7862C866C2E00E70312 /* OnFirstAppearViewModifier.swift in Sources */ = {isa = PBXBuildFile; fileRef = 6311C7852C866C2E00E70312 /* OnFirstAppearViewModifier.swift */; };
		6311C7882C866D1E00E70312 /* SettingsViewModel.swift in Sources */ = {isa = PBXBuildFile; fileRef = 6311C7872C866D1E00E70312 /* SettingsViewModel.swift */; };
		6311C78A2C866D2600E70312 /* SettingsView.swift in Sources */ = {isa = PBXBuildFile; fileRef = 6311C7892C866D2600E70312 /* SettingsView.swift */; };
		6311C78C2C866D7900E70312 /* SignInGoogleHelper.swift in Sources */ = {isa = PBXBuildFile; fileRef = 6311C78B2C866D7800E70312 /* SignInGoogleHelper.swift */; };
		6311C78E2C866D9000E70312 /* SignInAppleHelper.swift in Sources */ = {isa = PBXBuildFile; fileRef = 6311C78D2C866D9000E70312 /* SignInAppleHelper.swift */; };
		6311C7902C866DD100E70312 /* Utilities.swift in Sources */ = {isa = PBXBuildFile; fileRef = 6311C78F2C866DD100E70312 /* Utilities.swift */; };
		6318884726B62BDF00CA7A06 /* ConfettiSwiftUI in Frameworks */ = {isa = PBXBuildFile; productRef = 6318884626B62BDF00CA7A06 /* ConfettiSwiftUI */; };
		6318884826B62BDF00CA7A06 /* ConfettiSwiftUI in Embed Frameworks */ = {isa = PBXBuildFile; productRef = 6318884626B62BDF00CA7A06 /* ConfettiSwiftUI */; settings = {ATTRIBUTES = (CodeSignOnCopy, ); }; };
		6318884B26B712EF00CA7A06 /* Master Colorsmith.mp3 in Resources */ = {isa = PBXBuildFile; fileRef = 6318884A26B712EF00CA7A06 /* Master Colorsmith.mp3 */; };
		6318884D26B712F300CA7A06 /* Correct Guess.mp3 in Resources */ = {isa = PBXBuildFile; fileRef = 6318884C26B712F300CA7A06 /* Correct Guess.mp3 */; };
		631B83C72516E78300FFB84D /* PenPaperView.swift in Sources */ = {isa = PBXBuildFile; fileRef = 631B83C62516E78300FFB84D /* PenPaperView.swift */; };
		632CC90024B6B12500EBD566 /* AppDelegate.swift in Sources */ = {isa = PBXBuildFile; fileRef = 632CC8FF24B6B12500EBD566 /* AppDelegate.swift */; };
		632CC90224B6B12500EBD566 /* SceneDelegate.swift in Sources */ = {isa = PBXBuildFile; fileRef = 632CC90124B6B12500EBD566 /* SceneDelegate.swift */; };
		632CC90624B6B12600EBD566 /* Assets.xcassets in Resources */ = {isa = PBXBuildFile; fileRef = 632CC90524B6B12600EBD566 /* Assets.xcassets */; };
		632CC90924B6B12600EBD566 /* Preview Assets.xcassets in Resources */ = {isa = PBXBuildFile; fileRef = 632CC90824B6B12600EBD566 /* Preview Assets.xcassets */; };
		632CC90C24B6B12600EBD566 /* LaunchScreen.storyboard in Resources */ = {isa = PBXBuildFile; fileRef = 632CC90A24B6B12600EBD566 /* LaunchScreen.storyboard */; };
		632CC91724B6B12600EBD566 /* Swatch_ThisTests.swift in Sources */ = {isa = PBXBuildFile; fileRef = 632CC91624B6B12600EBD566 /* Swatch_ThisTests.swift */; };
		632CC92224B6B12600EBD566 /* Swatch_ThisUITests.swift in Sources */ = {isa = PBXBuildFile; fileRef = 632CC92124B6B12600EBD566 /* Swatch_ThisUITests.swift */; };
		632CC93124B6B15100EBD566 /* GameKit.framework in Frameworks */ = {isa = PBXBuildFile; fileRef = 632CC93024B6B15100EBD566 /* GameKit.framework */; };
		632CC93424B7F1A400EBD566 /* MenuView.swift in Sources */ = {isa = PBXBuildFile; fileRef = 632CC93324B7F1A400EBD566 /* MenuView.swift */; };
		632CC93624B7FCD700EBD566 /* SpriteKit.framework in Frameworks */ = {isa = PBXBuildFile; fileRef = 632CC93524B7FCD700EBD566 /* SpriteKit.framework */; };
		632FE02C25DC9E7D008356B0 /* ColorsView.swift in Sources */ = {isa = PBXBuildFile; fileRef = 632FE02B25DC9E7D008356B0 /* ColorsView.swift */; };
		63357AE32CAA2DDD00445CB3 /* MatchCode.swift in Sources */ = {isa = PBXBuildFile; fileRef = 63357AE22CAA2DDD00445CB3 /* MatchCode.swift */; };
		63357AE52CAA2F0D00445CB3 /* MatchCodeManager.swift in Sources */ = {isa = PBXBuildFile; fileRef = 63357AE42CAA2F0D00445CB3 /* MatchCodeManager.swift */; };
		63357AE82CAB87BF00445CB3 /* ColorCodes.swift in Sources */ = {isa = PBXBuildFile; fileRef = 63357AE72CAB87BF00445CB3 /* ColorCodes.swift */; };
		633A4D6824DF255B00CFA355 /* LoadingView.swift in Sources */ = {isa = PBXBuildFile; fileRef = 633A4D6724DF255B00CFA355 /* LoadingView.swift */; };
		633C33972C8A346E00BBDA38 /* MatchesViewModel.swift in Sources */ = {isa = PBXBuildFile; fileRef = 633C33962C8A346E00BBDA38 /* MatchesViewModel.swift */; };
		633C33992C8A353800BBDA38 /* MatchesManager.swift in Sources */ = {isa = PBXBuildFile; fileRef = 633C33982C8A353800BBDA38 /* MatchesManager.swift */; };
		633C339B2C8A365400BBDA38 /* Match.swift in Sources */ = {isa = PBXBuildFile; fileRef = 633C339A2C8A365400BBDA38 /* Match.swift */; };
		633C339D2C8A489600BBDA38 /* MatchesView.swift in Sources */ = {isa = PBXBuildFile; fileRef = 633C339C2C8A489600BBDA38 /* MatchesView.swift */; };
		6340481B24C92DA2004F8C53 /* SwitcherView.swift in Sources */ = {isa = PBXBuildFile; fileRef = 6340481A24C92DA1004F8C53 /* SwitcherView.swift */; };
		6340481D24C92E56004F8C53 /* ViewRouter.swift in Sources */ = {isa = PBXBuildFile; fileRef = 6340481C24C92E56004F8C53 /* ViewRouter.swift */; };
		635097EB24C7878900300F58 /* ScoreDetailView.swift in Sources */ = {isa = PBXBuildFile; fileRef = 635097EA24C7878900300F58 /* ScoreDetailView.swift */; };
		635DC55D25E5EDE800FB283F /* HowToTabletopView.swift in Sources */ = {isa = PBXBuildFile; fileRef = 635DC55C25E5EDE800FB283F /* HowToTabletopView.swift */; };
		6366621D24E09A8900CAAFC7 /* OtherPlayersTurn.swift in Sources */ = {isa = PBXBuildFile; fileRef = 6366621C24E09A8900CAAFC7 /* OtherPlayersTurn.swift */; };
		637AACE32CB071A20096F9F5 /* ProfanityWords.txt in Resources */ = {isa = PBXBuildFile; fileRef = 637AACE12CB071A20096F9F5 /* ProfanityWords.txt */; };
		637AACE62CB071B40096F9F5 /* ProfanityFilter.swift in Sources */ = {isa = PBXBuildFile; fileRef = 637AACE42CB071B40096F9F5 /* ProfanityFilter.swift */; };
		637AACE72CB071B40096F9F5 /* ProfanityFilter+Helper.swift in Sources */ = {isa = PBXBuildFile; fileRef = 637AACE52CB071B40096F9F5 /* ProfanityFilter+Helper.swift */; };
		63813BD224B92D3400DCA2CB /* AboutView.swift in Sources */ = {isa = PBXBuildFile; fileRef = 63813BD124B92D3400DCA2CB /* AboutView.swift */; };
		63813BD424B92D6200DCA2CB /* HowToView.swift in Sources */ = {isa = PBXBuildFile; fileRef = 63813BD324B92D6200DCA2CB /* HowToView.swift */; };
		6385C2A624C27D5A00F79C5E /* GuessColorsView.swift in Sources */ = {isa = PBXBuildFile; fileRef = 6385C2A524C27D5A00F79C5E /* GuessColorsView.swift */; };
		6385C2A824C280AE00F79C5E /* GameData.swift in Sources */ = {isa = PBXBuildFile; fileRef = 6385C2A724C280AE00F79C5E /* GameData.swift */; };
		638A59F625DE04DF00A0F880 /* StoreKit.framework in Frameworks */ = {isa = PBXBuildFile; fileRef = 638A59F525DE04DF00A0F880 /* StoreKit.framework */; };
		638A59F825DE051400A0F880 /* StoreManager.swift in Sources */ = {isa = PBXBuildFile; fileRef = 638A59F725DE051400A0F880 /* StoreManager.swift */; };
		6393184B2C97B39100DF3C2F /* MatchData.swift in Sources */ = {isa = PBXBuildFile; fileRef = 6393184A2C97B39100DF3C2F /* MatchData.swift */; };
		6393184D2C98FF7B00DF3C2F /* DefaultColors.swift in Sources */ = {isa = PBXBuildFile; fileRef = 6393184C2C98FF7B00DF3C2F /* DefaultColors.swift */; };
		6393184F2C99A63500DF3C2F /* NameColorsView.swift in Sources */ = {isa = PBXBuildFile; fileRef = 6393184E2C99A63500DF3C2F /* NameColorsView.swift */; };
		6397119124D5ECF300DB0405 /* TurnData.swift in Sources */ = {isa = PBXBuildFile; fileRef = 6397119024D5ECF300DB0405 /* TurnData.swift */; };
		63AAE41824C3949100B36FAD /* GameEndView.swift in Sources */ = {isa = PBXBuildFile; fileRef = 63AAE41724C3949100B36FAD /* GameEndView.swift */; };
		63AB777824BA9E49009BC9CE /* GameBrain.swift in Sources */ = {isa = PBXBuildFile; fileRef = 63AB777724BA9E49009BC9CE /* GameBrain.swift */; };
		63AB777C24BBE923009BC9CE /* Palette.swift in Sources */ = {isa = PBXBuildFile; fileRef = 63AB777B24BBE923009BC9CE /* Palette.swift */; };
		63C0565E2CAECDE80025F729 /* ActiveMatchCellView.swift in Sources */ = {isa = PBXBuildFile; fileRef = 63C0565D2CAECDE80025F729 /* ActiveMatchCellView.swift */; };
		63C6D490265B4397000C3C7F /* Card Flip.mp3 in Resources */ = {isa = PBXBuildFile; fileRef = 63C6D48F265B4397000C3C7F /* Card Flip.mp3 */; };
		63C755F8268D35F8009C3AE1 /* Card Deal.mp3 in Resources */ = {isa = PBXBuildFile; fileRef = 63C755F7268D35F8009C3AE1 /* Card Deal.mp3 */; };
		63DA3A1024CB8F0000531B6F /* SwatchStackView.swift in Sources */ = {isa = PBXBuildFile; fileRef = 63DA3A0F24CB8F0000531B6F /* SwatchStackView.swift */; };
		63DA3A5724CCF36200531B6F /* PopupControllerMessage.swift in Sources */ = {isa = PBXBuildFile; fileRef = 63DA3A5624CCF36200531B6F /* PopupControllerMessage.swift */; };
		63DA3A5924CCF3BA00531B6F /* GameKitHelper.swift in Sources */ = {isa = PBXBuildFile; fileRef = 63DA3A5824CCF3BA00531B6F /* GameKitHelper.swift */; };
		63DA3A5B24CE326900531B6F /* GKTurnBasedMatch+Additions.swift in Sources */ = {isa = PBXBuildFile; fileRef = 63DA3A5A24CE326900531B6F /* GKTurnBasedMatch+Additions.swift */; };
		63F2922C2657387C00A1A5AC /* Introspect in Frameworks */ = {isa = PBXBuildFile; productRef = 63F2922B2657387C00A1A5AC /* Introspect */; };
		63F2AADF24C4A325004897FD /* SAConfettiView.swift in Sources */ = {isa = PBXBuildFile; fileRef = 63F2AADE24C4A325004897FD /* SAConfettiView.swift */; };
		63F2AAEB24C5265D004897FD /* SwatchView.swift in Sources */ = {isa = PBXBuildFile; fileRef = 63F2AAEA24C5265D004897FD /* SwatchView.swift */; };
		63F8587F269E2F830072C19C /* TransitionSwatches.swift in Sources */ = {isa = PBXBuildFile; fileRef = 63F8587E269E2F830072C19C /* TransitionSwatches.swift */; };
/* End PBXBuildFile section */

/* Begin PBXContainerItemProxy section */
		632CC91324B6B12600EBD566 /* PBXContainerItemProxy */ = {
			isa = PBXContainerItemProxy;
			containerPortal = 632CC8F424B6B12500EBD566 /* Project object */;
			proxyType = 1;
			remoteGlobalIDString = 632CC8FB24B6B12500EBD566;
			remoteInfo = "Swatch This";
		};
		632CC91E24B6B12600EBD566 /* PBXContainerItemProxy */ = {
			isa = PBXContainerItemProxy;
			containerPortal = 632CC8F424B6B12500EBD566 /* Project object */;
			proxyType = 1;
			remoteGlobalIDString = 632CC8FB24B6B12500EBD566;
			remoteInfo = "Swatch This";
		};
/* End PBXContainerItemProxy section */

/* Begin PBXCopyFilesBuildPhase section */
		6318884926B62BDF00CA7A06 /* Embed Frameworks */ = {
			isa = PBXCopyFilesBuildPhase;
			buildActionMask = 2147483647;
			dstPath = "";
			dstSubfolderSpec = 10;
			files = (
				6318884826B62BDF00CA7A06 /* ConfettiSwiftUI in Embed Frameworks */,
			);
			name = "Embed Frameworks";
			runOnlyForDeploymentPostprocessing = 0;
		};
/* End PBXCopyFilesBuildPhase section */

/* Begin PBXFileReference section */
		630CBDB02689331E002641BE /* HapticsHelper.swift */ = {isa = PBXFileReference; lastKnownFileType = sourcecode.swift; path = HapticsHelper.swift; sourceTree = "<group>"; };
		6311C7632C865F9000E70312 /* AuthenticationManager.swift */ = {isa = PBXFileReference; lastKnownFileType = sourcecode.swift; path = AuthenticationManager.swift; sourceTree = "<group>"; };
		6311C7702C8664A000E70312 /* AuthenticationViewModel.swift */ = {isa = PBXFileReference; lastKnownFileType = sourcecode.swift; path = AuthenticationViewModel.swift; sourceTree = "<group>"; };
		6311C7722C8664D300E70312 /* AuthenticationView.swift */ = {isa = PBXFileReference; lastKnownFileType = sourcecode.swift; path = AuthenticationView.swift; sourceTree = "<group>"; };
		6311C7742C8665B700E70312 /* GoogleService-Info.plist */ = {isa = PBXFileReference; fileEncoding = 4; lastKnownFileType = text.plist.xml; path = "GoogleService-Info.plist"; sourceTree = "<group>"; };
		6311C77C2C8667F100E70312 /* UserManager.swift */ = {isa = PBXFileReference; lastKnownFileType = sourcecode.swift; path = UserManager.swift; sourceTree = "<group>"; };
		6311C7832C866BE000E70312 /* Query+EXT.swift */ = {isa = PBXFileReference; lastKnownFileType = sourcecode.swift; path = "Query+EXT.swift"; sourceTree = "<group>"; };
		6311C7852C866C2E00E70312 /* OnFirstAppearViewModifier.swift */ = {isa = PBXFileReference; lastKnownFileType = sourcecode.swift; path = OnFirstAppearViewModifier.swift; sourceTree = "<group>"; };
		6311C7872C866D1E00E70312 /* SettingsViewModel.swift */ = {isa = PBXFileReference; lastKnownFileType = sourcecode.swift; path = SettingsViewModel.swift; sourceTree = "<group>"; };
		6311C7892C866D2600E70312 /* SettingsView.swift */ = {isa = PBXFileReference; lastKnownFileType = sourcecode.swift; path = SettingsView.swift; sourceTree = "<group>"; };
		6311C78B2C866D7800E70312 /* SignInGoogleHelper.swift */ = {isa = PBXFileReference; lastKnownFileType = sourcecode.swift; path = SignInGoogleHelper.swift; sourceTree = "<group>"; };
		6311C78D2C866D9000E70312 /* SignInAppleHelper.swift */ = {isa = PBXFileReference; lastKnownFileType = sourcecode.swift; path = SignInAppleHelper.swift; sourceTree = "<group>"; };
		6311C78F2C866DD100E70312 /* Utilities.swift */ = {isa = PBXFileReference; lastKnownFileType = sourcecode.swift; path = Utilities.swift; sourceTree = "<group>"; };
		6318884A26B712EF00CA7A06 /* Master Colorsmith.mp3 */ = {isa = PBXFileReference; lastKnownFileType = audio.mp3; path = "Master Colorsmith.mp3"; sourceTree = "<group>"; };
		6318884C26B712F300CA7A06 /* Correct Guess.mp3 */ = {isa = PBXFileReference; lastKnownFileType = audio.mp3; path = "Correct Guess.mp3"; sourceTree = "<group>"; };
		631B83C62516E78300FFB84D /* PenPaperView.swift */ = {isa = PBXFileReference; lastKnownFileType = sourcecode.swift; path = PenPaperView.swift; sourceTree = "<group>"; };
		632CC8FC24B6B12500EBD566 /* Swatch This.app */ = {isa = PBXFileReference; explicitFileType = wrapper.application; includeInIndex = 0; path = "Swatch This.app"; sourceTree = BUILT_PRODUCTS_DIR; };
		632CC8FF24B6B12500EBD566 /* AppDelegate.swift */ = {isa = PBXFileReference; lastKnownFileType = sourcecode.swift; path = AppDelegate.swift; sourceTree = "<group>"; };
		632CC90124B6B12500EBD566 /* SceneDelegate.swift */ = {isa = PBXFileReference; lastKnownFileType = sourcecode.swift; path = SceneDelegate.swift; sourceTree = "<group>"; };
		632CC90524B6B12600EBD566 /* Assets.xcassets */ = {isa = PBXFileReference; lastKnownFileType = folder.assetcatalog; path = Assets.xcassets; sourceTree = "<group>"; };
		632CC90824B6B12600EBD566 /* Preview Assets.xcassets */ = {isa = PBXFileReference; lastKnownFileType = folder.assetcatalog; path = "Preview Assets.xcassets"; sourceTree = "<group>"; };
		632CC90B24B6B12600EBD566 /* Base */ = {isa = PBXFileReference; lastKnownFileType = file.storyboard; name = Base; path = Base.lproj/LaunchScreen.storyboard; sourceTree = "<group>"; };
		632CC90D24B6B12600EBD566 /* Info.plist */ = {isa = PBXFileReference; lastKnownFileType = text.plist.xml; path = Info.plist; sourceTree = "<group>"; };
		632CC91224B6B12600EBD566 /* Swatch ThisTests.xctest */ = {isa = PBXFileReference; explicitFileType = wrapper.cfbundle; includeInIndex = 0; path = "Swatch ThisTests.xctest"; sourceTree = BUILT_PRODUCTS_DIR; };
		632CC91624B6B12600EBD566 /* Swatch_ThisTests.swift */ = {isa = PBXFileReference; lastKnownFileType = sourcecode.swift; path = Swatch_ThisTests.swift; sourceTree = "<group>"; };
		632CC91824B6B12600EBD566 /* Info.plist */ = {isa = PBXFileReference; lastKnownFileType = text.plist.xml; path = Info.plist; sourceTree = "<group>"; };
		632CC91D24B6B12600EBD566 /* Swatch ThisUITests.xctest */ = {isa = PBXFileReference; explicitFileType = wrapper.cfbundle; includeInIndex = 0; path = "Swatch ThisUITests.xctest"; sourceTree = BUILT_PRODUCTS_DIR; };
		632CC92124B6B12600EBD566 /* Swatch_ThisUITests.swift */ = {isa = PBXFileReference; lastKnownFileType = sourcecode.swift; path = Swatch_ThisUITests.swift; sourceTree = "<group>"; };
		632CC92324B6B12600EBD566 /* Info.plist */ = {isa = PBXFileReference; lastKnownFileType = text.plist.xml; path = Info.plist; sourceTree = "<group>"; };
		632CC93024B6B15100EBD566 /* GameKit.framework */ = {isa = PBXFileReference; lastKnownFileType = wrapper.framework; name = GameKit.framework; path = System/Library/Frameworks/GameKit.framework; sourceTree = SDKROOT; };
		632CC93224B6B15500EBD566 /* Swatch This.entitlements */ = {isa = PBXFileReference; lastKnownFileType = text.plist.entitlements; path = "Swatch This.entitlements"; sourceTree = "<group>"; };
		632CC93324B7F1A400EBD566 /* MenuView.swift */ = {isa = PBXFileReference; lastKnownFileType = sourcecode.swift; path = MenuView.swift; sourceTree = "<group>"; };
		632CC93524B7FCD700EBD566 /* SpriteKit.framework */ = {isa = PBXFileReference; lastKnownFileType = wrapper.framework; name = SpriteKit.framework; path = System/Library/Frameworks/SpriteKit.framework; sourceTree = SDKROOT; };
		632FE02B25DC9E7D008356B0 /* ColorsView.swift */ = {isa = PBXFileReference; lastKnownFileType = sourcecode.swift; path = ColorsView.swift; sourceTree = "<group>"; };
		63357AE22CAA2DDD00445CB3 /* MatchCode.swift */ = {isa = PBXFileReference; lastKnownFileType = sourcecode.swift; path = MatchCode.swift; sourceTree = "<group>"; };
		63357AE42CAA2F0D00445CB3 /* MatchCodeManager.swift */ = {isa = PBXFileReference; lastKnownFileType = sourcecode.swift; path = MatchCodeManager.swift; sourceTree = "<group>"; };
		63357AE72CAB87BF00445CB3 /* ColorCodes.swift */ = {isa = PBXFileReference; lastKnownFileType = sourcecode.swift; path = ColorCodes.swift; sourceTree = "<group>"; };
		633A4D6724DF255B00CFA355 /* LoadingView.swift */ = {isa = PBXFileReference; lastKnownFileType = sourcecode.swift; path = LoadingView.swift; sourceTree = "<group>"; };
		633C33962C8A346E00BBDA38 /* MatchesViewModel.swift */ = {isa = PBXFileReference; lastKnownFileType = sourcecode.swift; path = MatchesViewModel.swift; sourceTree = "<group>"; };
		633C33982C8A353800BBDA38 /* MatchesManager.swift */ = {isa = PBXFileReference; lastKnownFileType = sourcecode.swift; path = MatchesManager.swift; sourceTree = "<group>"; };
		633C339A2C8A365400BBDA38 /* Match.swift */ = {isa = PBXFileReference; lastKnownFileType = sourcecode.swift; path = Match.swift; sourceTree = "<group>"; };
		633C339C2C8A489600BBDA38 /* MatchesView.swift */ = {isa = PBXFileReference; lastKnownFileType = sourcecode.swift; path = MatchesView.swift; sourceTree = "<group>"; };
		6340481A24C92DA1004F8C53 /* SwitcherView.swift */ = {isa = PBXFileReference; lastKnownFileType = sourcecode.swift; path = SwitcherView.swift; sourceTree = "<group>"; };
		6340481C24C92E56004F8C53 /* ViewRouter.swift */ = {isa = PBXFileReference; lastKnownFileType = sourcecode.swift; path = ViewRouter.swift; sourceTree = "<group>"; };
		635097EA24C7878900300F58 /* ScoreDetailView.swift */ = {isa = PBXFileReference; lastKnownFileType = sourcecode.swift; path = ScoreDetailView.swift; sourceTree = "<group>"; };
		635DC55C25E5EDE800FB283F /* HowToTabletopView.swift */ = {isa = PBXFileReference; lastKnownFileType = sourcecode.swift; path = HowToTabletopView.swift; sourceTree = "<group>"; };
		6366621C24E09A8900CAAFC7 /* OtherPlayersTurn.swift */ = {isa = PBXFileReference; lastKnownFileType = sourcecode.swift; path = OtherPlayersTurn.swift; sourceTree = "<group>"; };
		637AACD62CB071A20096F9F5 /* de */ = {isa = PBXFileReference; lastKnownFileType = text; name = de; path = de.lproj/ProfanityWords.txt; sourceTree = "<group>"; };
		637AACD72CB071A20096F9F5 /* en */ = {isa = PBXFileReference; lastKnownFileType = text; name = en; path = en.lproj/ProfanityWords.txt; sourceTree = "<group>"; };
		637AACD82CB071A20096F9F5 /* es */ = {isa = PBXFileReference; lastKnownFileType = text; name = es; path = es.lproj/ProfanityWords.txt; sourceTree = "<group>"; };
		637AACD92CB071A20096F9F5 /* fr */ = {isa = PBXFileReference; lastKnownFileType = text; name = fr; path = fr.lproj/ProfanityWords.txt; sourceTree = "<group>"; };
		637AACDA2CB071A20096F9F5 /* it */ = {isa = PBXFileReference; lastKnownFileType = text; name = it; path = it.lproj/ProfanityWords.txt; sourceTree = "<group>"; };
		637AACDB2CB071A20096F9F5 /* ja */ = {isa = PBXFileReference; lastKnownFileType = text; name = ja; path = ja.lproj/ProfanityWords.txt; sourceTree = "<group>"; };
		637AACDC2CB071A20096F9F5 /* nl */ = {isa = PBXFileReference; lastKnownFileType = text; name = nl; path = nl.lproj/ProfanityWords.txt; sourceTree = "<group>"; };
		637AACDD2CB071A20096F9F5 /* pl */ = {isa = PBXFileReference; lastKnownFileType = text; name = pl; path = pl.lproj/ProfanityWords.txt; sourceTree = "<group>"; };
		637AACDE2CB071A20096F9F5 /* pt */ = {isa = PBXFileReference; lastKnownFileType = text; name = pt; path = pt.lproj/ProfanityWords.txt; sourceTree = "<group>"; };
		637AACDF2CB071A20096F9F5 /* ru */ = {isa = PBXFileReference; lastKnownFileType = text; name = ru; path = ru.lproj/ProfanityWords.txt; sourceTree = "<group>"; };
		637AACE02CB071A20096F9F5 /* zh */ = {isa = PBXFileReference; lastKnownFileType = text; name = zh; path = zh.lproj/ProfanityWords.txt; sourceTree = "<group>"; };
		637AACE42CB071B40096F9F5 /* ProfanityFilter.swift */ = {isa = PBXFileReference; lastKnownFileType = sourcecode.swift; path = ProfanityFilter.swift; sourceTree = "<group>"; };
		637AACE52CB071B40096F9F5 /* ProfanityFilter+Helper.swift */ = {isa = PBXFileReference; lastKnownFileType = sourcecode.swift; path = "ProfanityFilter+Helper.swift"; sourceTree = "<group>"; };
		63813BD124B92D3400DCA2CB /* AboutView.swift */ = {isa = PBXFileReference; lastKnownFileType = sourcecode.swift; path = AboutView.swift; sourceTree = "<group>"; };
		63813BD324B92D6200DCA2CB /* HowToView.swift */ = {isa = PBXFileReference; lastKnownFileType = sourcecode.swift; path = HowToView.swift; sourceTree = "<group>"; };
		6385C2A524C27D5A00F79C5E /* GuessColorsView.swift */ = {isa = PBXFileReference; lastKnownFileType = sourcecode.swift; path = GuessColorsView.swift; sourceTree = "<group>"; };
		6385C2A724C280AE00F79C5E /* GameData.swift */ = {isa = PBXFileReference; lastKnownFileType = sourcecode.swift; path = GameData.swift; sourceTree = "<group>"; };
		638A59F525DE04DF00A0F880 /* StoreKit.framework */ = {isa = PBXFileReference; lastKnownFileType = wrapper.framework; name = StoreKit.framework; path = System/Library/Frameworks/StoreKit.framework; sourceTree = SDKROOT; };
		638A59F725DE051400A0F880 /* StoreManager.swift */ = {isa = PBXFileReference; lastKnownFileType = sourcecode.swift; path = StoreManager.swift; sourceTree = "<group>"; };
		6393184A2C97B39100DF3C2F /* MatchData.swift */ = {isa = PBXFileReference; lastKnownFileType = sourcecode.swift; path = MatchData.swift; sourceTree = "<group>"; };
		6393184C2C98FF7B00DF3C2F /* DefaultColors.swift */ = {isa = PBXFileReference; lastKnownFileType = sourcecode.swift; path = DefaultColors.swift; sourceTree = "<group>"; };
		6393184E2C99A63500DF3C2F /* NameColorsView.swift */ = {isa = PBXFileReference; lastKnownFileType = sourcecode.swift; path = NameColorsView.swift; sourceTree = "<group>"; };
		6397119024D5ECF300DB0405 /* TurnData.swift */ = {isa = PBXFileReference; lastKnownFileType = sourcecode.swift; path = TurnData.swift; sourceTree = "<group>"; };
		63AAE41724C3949100B36FAD /* GameEndView.swift */ = {isa = PBXFileReference; lastKnownFileType = sourcecode.swift; path = GameEndView.swift; sourceTree = "<group>"; };
		63AB777724BA9E49009BC9CE /* GameBrain.swift */ = {isa = PBXFileReference; lastKnownFileType = sourcecode.swift; path = GameBrain.swift; sourceTree = "<group>"; };
		63AB777B24BBE923009BC9CE /* Palette.swift */ = {isa = PBXFileReference; lastKnownFileType = sourcecode.swift; path = Palette.swift; sourceTree = "<group>"; };
		63C0565D2CAECDE80025F729 /* ActiveMatchCellView.swift */ = {isa = PBXFileReference; lastKnownFileType = sourcecode.swift; path = ActiveMatchCellView.swift; sourceTree = "<group>"; };
		63C6D48F265B4397000C3C7F /* Card Flip.mp3 */ = {isa = PBXFileReference; lastKnownFileType = audio.mp3; path = "Card Flip.mp3"; sourceTree = "<group>"; };
		63C755F7268D35F8009C3AE1 /* Card Deal.mp3 */ = {isa = PBXFileReference; lastKnownFileType = audio.mp3; path = "Card Deal.mp3"; sourceTree = "<group>"; };
		63DA3A0F24CB8F0000531B6F /* SwatchStackView.swift */ = {isa = PBXFileReference; lastKnownFileType = sourcecode.swift; path = SwatchStackView.swift; sourceTree = "<group>"; };
		63DA3A5624CCF36200531B6F /* PopupControllerMessage.swift */ = {isa = PBXFileReference; lastKnownFileType = sourcecode.swift; path = PopupControllerMessage.swift; sourceTree = "<group>"; };
		63DA3A5824CCF3BA00531B6F /* GameKitHelper.swift */ = {isa = PBXFileReference; lastKnownFileType = sourcecode.swift; path = GameKitHelper.swift; sourceTree = "<group>"; };
		63DA3A5A24CE326900531B6F /* GKTurnBasedMatch+Additions.swift */ = {isa = PBXFileReference; lastKnownFileType = sourcecode.swift; path = "GKTurnBasedMatch+Additions.swift"; sourceTree = "<group>"; };
		63F2AADE24C4A325004897FD /* SAConfettiView.swift */ = {isa = PBXFileReference; fileEncoding = 4; lastKnownFileType = sourcecode.swift; path = SAConfettiView.swift; sourceTree = "<group>"; };
		63F2AAEA24C5265D004897FD /* SwatchView.swift */ = {isa = PBXFileReference; lastKnownFileType = sourcecode.swift; path = SwatchView.swift; sourceTree = "<group>"; };
		63F8587E269E2F830072C19C /* TransitionSwatches.swift */ = {isa = PBXFileReference; lastKnownFileType = sourcecode.swift; path = TransitionSwatches.swift; sourceTree = "<group>"; };
/* End PBXFileReference section */

/* Begin PBXFrameworksBuildPhase section */
		632CC8F924B6B12500EBD566 /* Frameworks */ = {
			isa = PBXFrameworksBuildPhase;
			buildActionMask = 2147483647;
			files = (
				6318884726B62BDF00CA7A06 /* ConfettiSwiftUI in Frameworks */,
				632CC93624B7FCD700EBD566 /* SpriteKit.framework in Frameworks */,
				6311C7672C8660E400E70312 /* FirebaseAnalytics in Frameworks */,
				63F2922C2657387C00A1A5AC /* Introspect in Frameworks */,
				632CC93124B6B15100EBD566 /* GameKit.framework in Frameworks */,
				6311C7782C86663600E70312 /* GoogleSignIn in Frameworks */,
				6311C76D2C8660E400E70312 /* FirebaseFirestore in Frameworks */,
				6311C76B2C8660E400E70312 /* FirebaseCrashlytics in Frameworks */,
				6311C7692C8660E400E70312 /* FirebaseAuth in Frameworks */,
				638A59F625DE04DF00A0F880 /* StoreKit.framework in Frameworks */,
				6311C77A2C86663600E70312 /* GoogleSignInSwift in Frameworks */,
			);
			runOnlyForDeploymentPostprocessing = 0;
		};
		632CC90F24B6B12600EBD566 /* Frameworks */ = {
			isa = PBXFrameworksBuildPhase;
			buildActionMask = 2147483647;
			files = (
			);
			runOnlyForDeploymentPostprocessing = 0;
		};
		632CC91A24B6B12600EBD566 /* Frameworks */ = {
			isa = PBXFrameworksBuildPhase;
			buildActionMask = 2147483647;
			files = (
			);
			runOnlyForDeploymentPostprocessing = 0;
		};
/* End PBXFrameworksBuildPhase section */

/* Begin PBXGroup section */
		6311C7622C865F7200E70312 /* Authentication */ = {
			isa = PBXGroup;
			children = (
				6311C7632C865F9000E70312 /* AuthenticationManager.swift */,
				6311C7702C8664A000E70312 /* AuthenticationViewModel.swift */,
				6311C7722C8664D300E70312 /* AuthenticationView.swift */,
				6311C7872C866D1E00E70312 /* SettingsViewModel.swift */,
				6311C7892C866D2600E70312 /* SettingsView.swift */,
			);
			path = Authentication;
			sourceTree = "<group>";
		};
		6311C77B2C8667DC00E70312 /* Firestore */ = {
			isa = PBXGroup;
			children = (
				6311C77C2C8667F100E70312 /* UserManager.swift */,
			);
			path = Firestore;
			sourceTree = "<group>";
		};
		632CC8F324B6B12500EBD566 = {
			isa = PBXGroup;
			children = (
				632CC8FE24B6B12500EBD566 /* Swatch This */,
				632CC91524B6B12600EBD566 /* Swatch ThisTests */,
				632CC92024B6B12600EBD566 /* Swatch ThisUITests */,
				632CC8FD24B6B12500EBD566 /* Products */,
				632CC92F24B6B15100EBD566 /* Frameworks */,
			);
			sourceTree = "<group>";
		};
		632CC8FD24B6B12500EBD566 /* Products */ = {
			isa = PBXGroup;
			children = (
				632CC8FC24B6B12500EBD566 /* Swatch This.app */,
				632CC91224B6B12600EBD566 /* Swatch ThisTests.xctest */,
				632CC91D24B6B12600EBD566 /* Swatch ThisUITests.xctest */,
			);
			name = Products;
			sourceTree = "<group>";
		};
		632CC8FE24B6B12500EBD566 /* Swatch This */ = {
			isa = PBXGroup;
			children = (
				632CC93224B6B15500EBD566 /* Swatch This.entitlements */,
				632CC8FF24B6B12500EBD566 /* AppDelegate.swift */,
				632CC90124B6B12500EBD566 /* SceneDelegate.swift */,
				63AB777624BA90CB009BC9CE /* Model */,
				63357AE02CAA2D5B00445CB3 /* Match Codes */,
				633C33952C8A345700BBDA38 /* Matches */,
				63AB777924BAAA58009BC9CE /* View */,
				6311C7622C865F7200E70312 /* Authentication */,
				6311C77B2C8667DC00E70312 /* Firestore */,
				63DA3A1324CBBB2100531B6F /* Helpers */,
				6311C7742C8665B700E70312 /* GoogleService-Info.plist */,
				632CC90524B6B12600EBD566 /* Assets.xcassets */,
				63C6D48F265B4397000C3C7F /* Card Flip.mp3 */,
				63C755F7268D35F8009C3AE1 /* Card Deal.mp3 */,
				6318884C26B712F300CA7A06 /* Correct Guess.mp3 */,
				6318884A26B712EF00CA7A06 /* Master Colorsmith.mp3 */,
				632CC90A24B6B12600EBD566 /* LaunchScreen.storyboard */,
				632CC90D24B6B12600EBD566 /* Info.plist */,
				632CC90724B6B12600EBD566 /* Preview Content */,
			);
			path = "Swatch This";
			sourceTree = "<group>";
		};
		632CC90724B6B12600EBD566 /* Preview Content */ = {
			isa = PBXGroup;
			children = (
				632CC90824B6B12600EBD566 /* Preview Assets.xcassets */,
			);
			path = "Preview Content";
			sourceTree = "<group>";
		};
		632CC91524B6B12600EBD566 /* Swatch ThisTests */ = {
			isa = PBXGroup;
			children = (
				632CC91624B6B12600EBD566 /* Swatch_ThisTests.swift */,
				632CC91824B6B12600EBD566 /* Info.plist */,
			);
			path = "Swatch ThisTests";
			sourceTree = "<group>";
		};
		632CC92024B6B12600EBD566 /* Swatch ThisUITests */ = {
			isa = PBXGroup;
			children = (
				632CC92124B6B12600EBD566 /* Swatch_ThisUITests.swift */,
				632CC92324B6B12600EBD566 /* Info.plist */,
			);
			path = "Swatch ThisUITests";
			sourceTree = "<group>";
		};
		632CC92F24B6B15100EBD566 /* Frameworks */ = {
			isa = PBXGroup;
			children = (
				638A59F525DE04DF00A0F880 /* StoreKit.framework */,
				632CC93524B7FCD700EBD566 /* SpriteKit.framework */,
				632CC93024B6B15100EBD566 /* GameKit.framework */,
			);
			name = Frameworks;
			sourceTree = "<group>";
		};
		63357AE02CAA2D5B00445CB3 /* Match Codes */ = {
			isa = PBXGroup;
			children = (
				63357AE22CAA2DDD00445CB3 /* MatchCode.swift */,
				63357AE72CAB87BF00445CB3 /* ColorCodes.swift */,
				63357AE42CAA2F0D00445CB3 /* MatchCodeManager.swift */,
			);
			path = "Match Codes";
			sourceTree = "<group>";
		};
		633C33952C8A345700BBDA38 /* Matches */ = {
			isa = PBXGroup;
			children = (
				633C33962C8A346E00BBDA38 /* MatchesViewModel.swift */,
				633C33982C8A353800BBDA38 /* MatchesManager.swift */,
				633C339A2C8A365400BBDA38 /* Match.swift */,
				6393184A2C97B39100DF3C2F /* MatchData.swift */,
				633C339C2C8A489600BBDA38 /* MatchesView.swift */,
				63C0565D2CAECDE80025F729 /* ActiveMatchCellView.swift */,
			);
			path = Matches;
			sourceTree = "<group>";
		};
		637AACD52CB0718C0096F9F5 /* ProfanityFilter */ = {
			isa = PBXGroup;
			children = (
				637AACE42CB071B40096F9F5 /* ProfanityFilter.swift */,
				637AACE52CB071B40096F9F5 /* ProfanityFilter+Helper.swift */,
				637AACE22CB071A20096F9F5 /* Assets */,
			);
			path = ProfanityFilter;
			sourceTree = "<group>";
		};
		637AACE22CB071A20096F9F5 /* Assets */ = {
			isa = PBXGroup;
			children = (
				637AACE12CB071A20096F9F5 /* ProfanityWords.txt */,
			);
			path = Assets;
			sourceTree = "<group>";
		};
		63AB777624BA90CB009BC9CE /* Model */ = {
			isa = PBXGroup;
			children = (
				63AB777B24BBE923009BC9CE /* Palette.swift */,
				63AB777724BA9E49009BC9CE /* GameBrain.swift */,
				6385C2A724C280AE00F79C5E /* GameData.swift */,
				6397119024D5ECF300DB0405 /* TurnData.swift */,
				6340481C24C92E56004F8C53 /* ViewRouter.swift */,
				63F8587E269E2F830072C19C /* TransitionSwatches.swift */,
				6393184C2C98FF7B00DF3C2F /* DefaultColors.swift */,
			);
			path = Model;
			sourceTree = "<group>";
		};
		63AB777924BAAA58009BC9CE /* View */ = {
			isa = PBXGroup;
			children = (
				6340481A24C92DA1004F8C53 /* SwitcherView.swift */,
				632CC93324B7F1A400EBD566 /* MenuView.swift */,
				633A4D6724DF255B00CFA355 /* LoadingView.swift */,
				6393184E2C99A63500DF3C2F /* NameColorsView.swift */,
				6385C2A524C27D5A00F79C5E /* GuessColorsView.swift */,
				63AAE41724C3949100B36FAD /* GameEndView.swift */,
				635097EA24C7878900300F58 /* ScoreDetailView.swift */,
				6366621C24E09A8900CAAFC7 /* OtherPlayersTurn.swift */,
				631B83C62516E78300FFB84D /* PenPaperView.swift */,
				63F2AAEA24C5265D004897FD /* SwatchView.swift */,
				63DA3A0F24CB8F0000531B6F /* SwatchStackView.swift */,
				63813BD124B92D3400DCA2CB /* AboutView.swift */,
				632FE02B25DC9E7D008356B0 /* ColorsView.swift */,
				63813BD324B92D6200DCA2CB /* HowToView.swift */,
				635DC55C25E5EDE800FB283F /* HowToTabletopView.swift */,
				63F2AADE24C4A325004897FD /* SAConfettiView.swift */,
			);
			path = View;
			sourceTree = "<group>";
		};
		63DA3A1324CBBB2100531B6F /* Helpers */ = {
			isa = PBXGroup;
			children = (
				630CBDB02689331E002641BE /* HapticsHelper.swift */,
				63DA3A5624CCF36200531B6F /* PopupControllerMessage.swift */,
				638A59F725DE051400A0F880 /* StoreManager.swift */,
				63DA3A5824CCF3BA00531B6F /* GameKitHelper.swift */,
				63DA3A5A24CE326900531B6F /* GKTurnBasedMatch+Additions.swift */,
				6311C7832C866BE000E70312 /* Query+EXT.swift */,
				6311C7852C866C2E00E70312 /* OnFirstAppearViewModifier.swift */,
				6311C78B2C866D7800E70312 /* SignInGoogleHelper.swift */,
				6311C78D2C866D9000E70312 /* SignInAppleHelper.swift */,
				6311C78F2C866DD100E70312 /* Utilities.swift */,
				637AACD52CB0718C0096F9F5 /* ProfanityFilter */,
			);
			path = Helpers;
			sourceTree = "<group>";
		};
/* End PBXGroup section */

/* Begin PBXNativeTarget section */
		632CC8FB24B6B12500EBD566 /* Swatch This */ = {
			isa = PBXNativeTarget;
			buildConfigurationList = 632CC92624B6B12600EBD566 /* Build configuration list for PBXNativeTarget "Swatch This" */;
			buildPhases = (
				632CC8F824B6B12500EBD566 /* Sources */,
				632CC8F924B6B12500EBD566 /* Frameworks */,
				632CC8FA24B6B12500EBD566 /* Resources */,
				6318884926B62BDF00CA7A06 /* Embed Frameworks */,
			);
			buildRules = (
			);
			dependencies = (
			);
			name = "Swatch This";
			packageProductDependencies = (
				63F2922B2657387C00A1A5AC /* Introspect */,
				6318884626B62BDF00CA7A06 /* ConfettiSwiftUI */,
				6311C7662C8660E400E70312 /* FirebaseAnalytics */,
				6311C7682C8660E400E70312 /* FirebaseAuth */,
				6311C76A2C8660E400E70312 /* FirebaseCrashlytics */,
				6311C76C2C8660E400E70312 /* FirebaseFirestore */,
				6311C7772C86663600E70312 /* GoogleSignIn */,
				6311C7792C86663600E70312 /* GoogleSignInSwift */,
			);
			productName = "Swatch This";
			productReference = 632CC8FC24B6B12500EBD566 /* Swatch This.app */;
			productType = "com.apple.product-type.application";
		};
		632CC91124B6B12600EBD566 /* Swatch ThisTests */ = {
			isa = PBXNativeTarget;
			buildConfigurationList = 632CC92924B6B12600EBD566 /* Build configuration list for PBXNativeTarget "Swatch ThisTests" */;
			buildPhases = (
				632CC90E24B6B12600EBD566 /* Sources */,
				632CC90F24B6B12600EBD566 /* Frameworks */,
				632CC91024B6B12600EBD566 /* Resources */,
			);
			buildRules = (
			);
			dependencies = (
				632CC91424B6B12600EBD566 /* PBXTargetDependency */,
			);
			name = "Swatch ThisTests";
			productName = "Swatch ThisTests";
			productReference = 632CC91224B6B12600EBD566 /* Swatch ThisTests.xctest */;
			productType = "com.apple.product-type.bundle.unit-test";
		};
		632CC91C24B6B12600EBD566 /* Swatch ThisUITests */ = {
			isa = PBXNativeTarget;
			buildConfigurationList = 632CC92C24B6B12600EBD566 /* Build configuration list for PBXNativeTarget "Swatch ThisUITests" */;
			buildPhases = (
				632CC91924B6B12600EBD566 /* Sources */,
				632CC91A24B6B12600EBD566 /* Frameworks */,
				632CC91B24B6B12600EBD566 /* Resources */,
			);
			buildRules = (
			);
			dependencies = (
				632CC91F24B6B12600EBD566 /* PBXTargetDependency */,
			);
			name = "Swatch ThisUITests";
			productName = "Swatch ThisUITests";
			productReference = 632CC91D24B6B12600EBD566 /* Swatch ThisUITests.xctest */;
			productType = "com.apple.product-type.bundle.ui-testing";
		};
/* End PBXNativeTarget section */

/* Begin PBXProject section */
		632CC8F424B6B12500EBD566 /* Project object */ = {
			isa = PBXProject;
			attributes = {
				BuildIndependentTargetsInParallel = YES;
				LastSwiftUpdateCheck = 1150;
				LastUpgradeCheck = 1600;
				ORGANIZATIONNAME = "Radio Silence";
				TargetAttributes = {
					632CC8FB24B6B12500EBD566 = {
						CreatedOnToolsVersion = 11.5;
					};
					632CC91124B6B12600EBD566 = {
						CreatedOnToolsVersion = 11.5;
						TestTargetID = 632CC8FB24B6B12500EBD566;
					};
					632CC91C24B6B12600EBD566 = {
						CreatedOnToolsVersion = 11.5;
						TestTargetID = 632CC8FB24B6B12500EBD566;
					};
				};
			};
			buildConfigurationList = 632CC8F724B6B12500EBD566 /* Build configuration list for PBXProject "Swatch This" */;
			compatibilityVersion = "Xcode 9.3";
			developmentRegion = en;
			hasScannedForEncodings = 0;
			knownRegions = (
				en,
				Base,
				de,
				ja,
				es,
				it,
				pl,
				ru,
				fr,
				nl,
				pt,
				zh,
			);
			mainGroup = 632CC8F324B6B12500EBD566;
			packageReferences = (
				63F2922A2657387C00A1A5AC /* XCRemoteSwiftPackageReference "SwiftUI-Introspect" */,
				6318884526B62BDF00CA7A06 /* XCRemoteSwiftPackageReference "ConfettiSwiftUI" */,
				6311C7652C8660E400E70312 /* XCRemoteSwiftPackageReference "firebase-ios-sdk" */,
				6311C7762C86663600E70312 /* XCRemoteSwiftPackageReference "GoogleSignIn-iOS" */,
			);
			productRefGroup = 632CC8FD24B6B12500EBD566 /* Products */;
			projectDirPath = "";
			projectRoot = "";
			targets = (
				632CC8FB24B6B12500EBD566 /* Swatch This */,
				632CC91124B6B12600EBD566 /* Swatch ThisTests */,
				632CC91C24B6B12600EBD566 /* Swatch ThisUITests */,
			);
		};
/* End PBXProject section */

/* Begin PBXResourcesBuildPhase section */
		632CC8FA24B6B12500EBD566 /* Resources */ = {
			isa = PBXResourcesBuildPhase;
			buildActionMask = 2147483647;
			files = (
				637AACE32CB071A20096F9F5 /* ProfanityWords.txt in Resources */,
				63C6D490265B4397000C3C7F /* Card Flip.mp3 in Resources */,
				6311C7752C8665B700E70312 /* GoogleService-Info.plist in Resources */,
				6318884B26B712EF00CA7A06 /* Master Colorsmith.mp3 in Resources */,
				632CC90C24B6B12600EBD566 /* LaunchScreen.storyboard in Resources */,
				632CC90924B6B12600EBD566 /* Preview Assets.xcassets in Resources */,
				632CC90624B6B12600EBD566 /* Assets.xcassets in Resources */,
				6318884D26B712F300CA7A06 /* Correct Guess.mp3 in Resources */,
				63C755F8268D35F8009C3AE1 /* Card Deal.mp3 in Resources */,
			);
			runOnlyForDeploymentPostprocessing = 0;
		};
		632CC91024B6B12600EBD566 /* Resources */ = {
			isa = PBXResourcesBuildPhase;
			buildActionMask = 2147483647;
			files = (
			);
			runOnlyForDeploymentPostprocessing = 0;
		};
		632CC91B24B6B12600EBD566 /* Resources */ = {
			isa = PBXResourcesBuildPhase;
			buildActionMask = 2147483647;
			files = (
			);
			runOnlyForDeploymentPostprocessing = 0;
		};
/* End PBXResourcesBuildPhase section */

/* Begin PBXSourcesBuildPhase section */
		632CC8F824B6B12500EBD566 /* Sources */ = {
			isa = PBXSourcesBuildPhase;
			buildActionMask = 2147483647;
			files = (
				6311C78C2C866D7900E70312 /* SignInGoogleHelper.swift in Sources */,
				6311C7842C866BE000E70312 /* Query+EXT.swift in Sources */,
				6385C2A824C280AE00F79C5E /* GameData.swift in Sources */,
				63AB777C24BBE923009BC9CE /* Palette.swift in Sources */,
				63AB777824BA9E49009BC9CE /* GameBrain.swift in Sources */,
				6311C7642C865F9000E70312 /* AuthenticationManager.swift in Sources */,
				6311C7882C866D1E00E70312 /* SettingsViewModel.swift in Sources */,
				633C339B2C8A365400BBDA38 /* Match.swift in Sources */,
				63813BD424B92D6200DCA2CB /* HowToView.swift in Sources */,
				635097EB24C7878900300F58 /* ScoreDetailView.swift in Sources */,
				63DA3A5B24CE326900531B6F /* GKTurnBasedMatch+Additions.swift in Sources */,
				63DA3A5724CCF36200531B6F /* PopupControllerMessage.swift in Sources */,
				633A4D6824DF255B00CFA355 /* LoadingView.swift in Sources */,
				6311C77D2C8667F100E70312 /* UserManager.swift in Sources */,
				6311C78A2C866D2600E70312 /* SettingsView.swift in Sources */,
				633C33972C8A346E00BBDA38 /* MatchesViewModel.swift in Sources */,
				631B83C72516E78300FFB84D /* PenPaperView.swift in Sources */,
				630CBDB12689331E002641BE /* HapticsHelper.swift in Sources */,
				635DC55D25E5EDE800FB283F /* HowToTabletopView.swift in Sources */,
				63AAE41824C3949100B36FAD /* GameEndView.swift in Sources */,
				632CC90024B6B12500EBD566 /* AppDelegate.swift in Sources */,
				6311C7732C8664D300E70312 /* AuthenticationView.swift in Sources */,
				6393184F2C99A63500DF3C2F /* NameColorsView.swift in Sources */,
				63F2AADF24C4A325004897FD /* SAConfettiView.swift in Sources */,
				632CC93424B7F1A400EBD566 /* MenuView.swift in Sources */,
				6366621D24E09A8900CAAFC7 /* OtherPlayersTurn.swift in Sources */,
				6385C2A624C27D5A00F79C5E /* GuessColorsView.swift in Sources */,
				633C339D2C8A489600BBDA38 /* MatchesView.swift in Sources */,
				6393184D2C98FF7B00DF3C2F /* DefaultColors.swift in Sources */,
				6311C7862C866C2E00E70312 /* OnFirstAppearViewModifier.swift in Sources */,
				63DA3A5924CCF3BA00531B6F /* GameKitHelper.swift in Sources */,
				6311C78E2C866D9000E70312 /* SignInAppleHelper.swift in Sources */,
				632FE02C25DC9E7D008356B0 /* ColorsView.swift in Sources */,
				6340481D24C92E56004F8C53 /* ViewRouter.swift in Sources */,
				63F2AAEB24C5265D004897FD /* SwatchView.swift in Sources */,
				63357AE32CAA2DDD00445CB3 /* MatchCode.swift in Sources */,
				6393184B2C97B39100DF3C2F /* MatchData.swift in Sources */,
				63357AE82CAB87BF00445CB3 /* ColorCodes.swift in Sources */,
				6311C7902C866DD100E70312 /* Utilities.swift in Sources */,
				63DA3A1024CB8F0000531B6F /* SwatchStackView.swift in Sources */,
				632CC90224B6B12500EBD566 /* SceneDelegate.swift in Sources */,
				6340481B24C92DA2004F8C53 /* SwitcherView.swift in Sources */,
				63C0565E2CAECDE80025F729 /* ActiveMatchCellView.swift in Sources */,
				6311C7712C8664A000E70312 /* AuthenticationViewModel.swift in Sources */,
				63813BD224B92D3400DCA2CB /* AboutView.swift in Sources */,
				633C33992C8A353800BBDA38 /* MatchesManager.swift in Sources */,
				638A59F825DE051400A0F880 /* StoreManager.swift in Sources */,
				6397119124D5ECF300DB0405 /* TurnData.swift in Sources */,
				63357AE52CAA2F0D00445CB3 /* MatchCodeManager.swift in Sources */,
				63F8587F269E2F830072C19C /* TransitionSwatches.swift in Sources */,
				637AACE62CB071B40096F9F5 /* ProfanityFilter.swift in Sources */,
				637AACE72CB071B40096F9F5 /* ProfanityFilter+Helper.swift in Sources */,
			);
			runOnlyForDeploymentPostprocessing = 0;
		};
		632CC90E24B6B12600EBD566 /* Sources */ = {
			isa = PBXSourcesBuildPhase;
			buildActionMask = 2147483647;
			files = (
				632CC91724B6B12600EBD566 /* Swatch_ThisTests.swift in Sources */,
			);
			runOnlyForDeploymentPostprocessing = 0;
		};
		632CC91924B6B12600EBD566 /* Sources */ = {
			isa = PBXSourcesBuildPhase;
			buildActionMask = 2147483647;
			files = (
				632CC92224B6B12600EBD566 /* Swatch_ThisUITests.swift in Sources */,
			);
			runOnlyForDeploymentPostprocessing = 0;
		};
/* End PBXSourcesBuildPhase section */

/* Begin PBXTargetDependency section */
		632CC91424B6B12600EBD566 /* PBXTargetDependency */ = {
			isa = PBXTargetDependency;
			target = 632CC8FB24B6B12500EBD566 /* Swatch This */;
			targetProxy = 632CC91324B6B12600EBD566 /* PBXContainerItemProxy */;
		};
		632CC91F24B6B12600EBD566 /* PBXTargetDependency */ = {
			isa = PBXTargetDependency;
			target = 632CC8FB24B6B12500EBD566 /* Swatch This */;
			targetProxy = 632CC91E24B6B12600EBD566 /* PBXContainerItemProxy */;
		};
/* End PBXTargetDependency section */

/* Begin PBXVariantGroup section */
		632CC90A24B6B12600EBD566 /* LaunchScreen.storyboard */ = {
			isa = PBXVariantGroup;
			children = (
				632CC90B24B6B12600EBD566 /* Base */,
			);
			name = LaunchScreen.storyboard;
			sourceTree = "<group>";
		};
		637AACE12CB071A20096F9F5 /* ProfanityWords.txt */ = {
			isa = PBXVariantGroup;
			children = (
				637AACD62CB071A20096F9F5 /* de */,
				637AACD72CB071A20096F9F5 /* en */,
				637AACD82CB071A20096F9F5 /* es */,
				637AACD92CB071A20096F9F5 /* fr */,
				637AACDA2CB071A20096F9F5 /* it */,
				637AACDB2CB071A20096F9F5 /* ja */,
				637AACDC2CB071A20096F9F5 /* nl */,
				637AACDD2CB071A20096F9F5 /* pl */,
				637AACDE2CB071A20096F9F5 /* pt */,
				637AACDF2CB071A20096F9F5 /* ru */,
				637AACE02CB071A20096F9F5 /* zh */,
			);
			name = ProfanityWords.txt;
			sourceTree = "<group>";
		};
/* End PBXVariantGroup section */

/* Begin XCBuildConfiguration section */
		632CC92424B6B12600EBD566 /* Debug */ = {
			isa = XCBuildConfiguration;
			buildSettings = {
				ALWAYS_SEARCH_USER_PATHS = NO;
				ASSETCATALOG_COMPILER_GENERATE_ASSET_SYMBOLS = YES;
				ASSETCATALOG_COMPILER_GENERATE_SWIFT_ASSET_SYMBOL_EXTENSIONS = YES;
				CLANG_ANALYZER_LOCALIZABILITY_NONLOCALIZED = YES;
				CLANG_ANALYZER_NONNULL = YES;
				CLANG_ANALYZER_NUMBER_OBJECT_CONVERSION = YES_AGGRESSIVE;
				CLANG_CXX_LANGUAGE_STANDARD = "gnu++14";
				CLANG_CXX_LIBRARY = "libc++";
				CLANG_ENABLE_MODULES = YES;
				CLANG_ENABLE_OBJC_ARC = YES;
				CLANG_ENABLE_OBJC_WEAK = YES;
				CLANG_WARN_BLOCK_CAPTURE_AUTORELEASING = YES;
				CLANG_WARN_BOOL_CONVERSION = YES;
				CLANG_WARN_COMMA = YES;
				CLANG_WARN_CONSTANT_CONVERSION = YES;
				CLANG_WARN_DEPRECATED_OBJC_IMPLEMENTATIONS = YES;
				CLANG_WARN_DIRECT_OBJC_ISA_USAGE = YES_ERROR;
				CLANG_WARN_DOCUMENTATION_COMMENTS = YES;
				CLANG_WARN_EMPTY_BODY = YES;
				CLANG_WARN_ENUM_CONVERSION = YES;
				CLANG_WARN_INFINITE_RECURSION = YES;
				CLANG_WARN_INT_CONVERSION = YES;
				CLANG_WARN_NON_LITERAL_NULL_CONVERSION = YES;
				CLANG_WARN_OBJC_IMPLICIT_RETAIN_SELF = YES;
				CLANG_WARN_OBJC_LITERAL_CONVERSION = YES;
				CLANG_WARN_OBJC_ROOT_CLASS = YES_ERROR;
				CLANG_WARN_QUOTED_INCLUDE_IN_FRAMEWORK_HEADER = YES;
				CLANG_WARN_RANGE_LOOP_ANALYSIS = YES;
				CLANG_WARN_STRICT_PROTOTYPES = YES;
				CLANG_WARN_SUSPICIOUS_MOVE = YES;
				CLANG_WARN_UNGUARDED_AVAILABILITY = YES_AGGRESSIVE;
				CLANG_WARN_UNREACHABLE_CODE = YES;
				CLANG_WARN__DUPLICATE_METHOD_MATCH = YES;
				COPY_PHASE_STRIP = NO;
				DEBUG_INFORMATION_FORMAT = dwarf;
				ENABLE_STRICT_OBJC_MSGSEND = YES;
				ENABLE_TESTABILITY = YES;
				ENABLE_USER_SCRIPT_SANDBOXING = YES;
				GCC_C_LANGUAGE_STANDARD = gnu11;
				GCC_DYNAMIC_NO_PIC = NO;
				GCC_NO_COMMON_BLOCKS = YES;
				GCC_OPTIMIZATION_LEVEL = 0;
				GCC_PREPROCESSOR_DEFINITIONS = (
					"DEBUG=1",
					"$(inherited)",
				);
				GCC_WARN_64_TO_32_BIT_CONVERSION = YES;
				GCC_WARN_ABOUT_RETURN_TYPE = YES_ERROR;
				GCC_WARN_UNDECLARED_SELECTOR = YES;
				GCC_WARN_UNINITIALIZED_AUTOS = YES_AGGRESSIVE;
				GCC_WARN_UNUSED_FUNCTION = YES;
				GCC_WARN_UNUSED_VARIABLE = YES;
				IPHONEOS_DEPLOYMENT_TARGET = 14.0;
				MTL_ENABLE_DEBUG_INFO = INCLUDE_SOURCE;
				MTL_FAST_MATH = YES;
				ONLY_ACTIVE_ARCH = YES;
				SDKROOT = iphoneos;
				SWIFT_ACTIVE_COMPILATION_CONDITIONS = DEBUG;
				SWIFT_OPTIMIZATION_LEVEL = "-Onone";
			};
			name = Debug;
		};
		632CC92524B6B12600EBD566 /* Release */ = {
			isa = XCBuildConfiguration;
			buildSettings = {
				ALWAYS_SEARCH_USER_PATHS = NO;
				ASSETCATALOG_COMPILER_GENERATE_ASSET_SYMBOLS = YES;
				ASSETCATALOG_COMPILER_GENERATE_SWIFT_ASSET_SYMBOL_EXTENSIONS = YES;
				CLANG_ANALYZER_LOCALIZABILITY_NONLOCALIZED = YES;
				CLANG_ANALYZER_NONNULL = YES;
				CLANG_ANALYZER_NUMBER_OBJECT_CONVERSION = YES_AGGRESSIVE;
				CLANG_CXX_LANGUAGE_STANDARD = "gnu++14";
				CLANG_CXX_LIBRARY = "libc++";
				CLANG_ENABLE_MODULES = YES;
				CLANG_ENABLE_OBJC_ARC = YES;
				CLANG_ENABLE_OBJC_WEAK = YES;
				CLANG_WARN_BLOCK_CAPTURE_AUTORELEASING = YES;
				CLANG_WARN_BOOL_CONVERSION = YES;
				CLANG_WARN_COMMA = YES;
				CLANG_WARN_CONSTANT_CONVERSION = YES;
				CLANG_WARN_DEPRECATED_OBJC_IMPLEMENTATIONS = YES;
				CLANG_WARN_DIRECT_OBJC_ISA_USAGE = YES_ERROR;
				CLANG_WARN_DOCUMENTATION_COMMENTS = YES;
				CLANG_WARN_EMPTY_BODY = YES;
				CLANG_WARN_ENUM_CONVERSION = YES;
				CLANG_WARN_INFINITE_RECURSION = YES;
				CLANG_WARN_INT_CONVERSION = YES;
				CLANG_WARN_NON_LITERAL_NULL_CONVERSION = YES;
				CLANG_WARN_OBJC_IMPLICIT_RETAIN_SELF = YES;
				CLANG_WARN_OBJC_LITERAL_CONVERSION = YES;
				CLANG_WARN_OBJC_ROOT_CLASS = YES_ERROR;
				CLANG_WARN_QUOTED_INCLUDE_IN_FRAMEWORK_HEADER = YES;
				CLANG_WARN_RANGE_LOOP_ANALYSIS = YES;
				CLANG_WARN_STRICT_PROTOTYPES = YES;
				CLANG_WARN_SUSPICIOUS_MOVE = YES;
				CLANG_WARN_UNGUARDED_AVAILABILITY = YES_AGGRESSIVE;
				CLANG_WARN_UNREACHABLE_CODE = YES;
				CLANG_WARN__DUPLICATE_METHOD_MATCH = YES;
				COPY_PHASE_STRIP = NO;
				DEBUG_INFORMATION_FORMAT = "dwarf-with-dsym";
				ENABLE_NS_ASSERTIONS = NO;
				ENABLE_STRICT_OBJC_MSGSEND = YES;
				ENABLE_USER_SCRIPT_SANDBOXING = YES;
				GCC_C_LANGUAGE_STANDARD = gnu11;
				GCC_NO_COMMON_BLOCKS = YES;
				GCC_WARN_64_TO_32_BIT_CONVERSION = YES;
				GCC_WARN_ABOUT_RETURN_TYPE = YES_ERROR;
				GCC_WARN_UNDECLARED_SELECTOR = YES;
				GCC_WARN_UNINITIALIZED_AUTOS = YES_AGGRESSIVE;
				GCC_WARN_UNUSED_FUNCTION = YES;
				GCC_WARN_UNUSED_VARIABLE = YES;
				IPHONEOS_DEPLOYMENT_TARGET = 14.0;
				MTL_ENABLE_DEBUG_INFO = NO;
				MTL_FAST_MATH = YES;
				SDKROOT = iphoneos;
				SWIFT_COMPILATION_MODE = wholemodule;
				SWIFT_OPTIMIZATION_LEVEL = "-O";
				VALIDATE_PRODUCT = YES;
			};
			name = Release;
		};
		632CC92724B6B12600EBD566 /* Debug */ = {
			isa = XCBuildConfiguration;
			buildSettings = {
				ASSETCATALOG_COMPILER_APPICON_NAME = AppIcon;
				CODE_SIGN_ENTITLEMENTS = "Swatch This/Swatch This.entitlements";
				CODE_SIGN_STYLE = Automatic;
				CURRENT_PROJECT_VERSION = 1;
				DEVELOPMENT_ASSET_PATHS = "\"Swatch This/Preview Content\"";
				DEVELOPMENT_TEAM = KRY6K4CUHC;
				ENABLE_PREVIEWS = YES;
				INFOPLIST_FILE = "Swatch This/Info.plist";
				INFOPLIST_KEY_CFBundleDisplayName = "Swatch This";
				INFOPLIST_KEY_LSApplicationCategoryType = "public.app-category.word-games";
				IPHONEOS_DEPLOYMENT_TARGET = 16.0;
				LD_RUNPATH_SEARCH_PATHS = (
					"$(inherited)",
					"@executable_path/Frameworks",
				);
				MARKETING_VERSION = 2.0;
				PRODUCT_BUNDLE_IDENTIFIER = com.radiosilence.Swatch;
				PRODUCT_NAME = "$(TARGET_NAME)";
				SWIFT_VERSION = 5.0;
				TARGETED_DEVICE_FAMILY = "1,2";
			};
			name = Debug;
		};
		632CC92824B6B12600EBD566 /* Release */ = {
			isa = XCBuildConfiguration;
			buildSettings = {
				ASSETCATALOG_COMPILER_APPICON_NAME = AppIcon;
				CODE_SIGN_ENTITLEMENTS = "Swatch This/Swatch This.entitlements";
				CODE_SIGN_STYLE = Automatic;
				CURRENT_PROJECT_VERSION = 1;
				DEVELOPMENT_ASSET_PATHS = "\"Swatch This/Preview Content\"";
				DEVELOPMENT_TEAM = KRY6K4CUHC;
				ENABLE_PREVIEWS = YES;
				INFOPLIST_FILE = "Swatch This/Info.plist";
				INFOPLIST_KEY_CFBundleDisplayName = "Swatch This";
				INFOPLIST_KEY_LSApplicationCategoryType = "public.app-category.word-games";
				IPHONEOS_DEPLOYMENT_TARGET = 16.0;
				LD_RUNPATH_SEARCH_PATHS = (
					"$(inherited)",
					"@executable_path/Frameworks",
				);
				MARKETING_VERSION = 2.0;
				PRODUCT_BUNDLE_IDENTIFIER = com.radiosilence.Swatch;
				PRODUCT_NAME = "$(TARGET_NAME)";
				SWIFT_VERSION = 5.0;
				TARGETED_DEVICE_FAMILY = "1,2";
			};
			name = Release;
		};
		632CC92A24B6B12600EBD566 /* Debug */ = {
			isa = XCBuildConfiguration;
			buildSettings = {
				BUNDLE_LOADER = "$(TEST_HOST)";
				CODE_SIGN_STYLE = Automatic;
				DEVELOPMENT_TEAM = KRY6K4CUHC;
				INFOPLIST_FILE = "Swatch ThisTests/Info.plist";
				IPHONEOS_DEPLOYMENT_TARGET = 13.5;
				LD_RUNPATH_SEARCH_PATHS = (
					"$(inherited)",
					"@executable_path/Frameworks",
					"@loader_path/Frameworks",
				);
				PRODUCT_BUNDLE_IDENTIFIER = "com.radiosilence.Swatch.Swatch-ThisTests";
				PRODUCT_NAME = "$(TARGET_NAME)";
				SWIFT_VERSION = 5.0;
				TARGETED_DEVICE_FAMILY = "1,2";
				TEST_HOST = "$(BUILT_PRODUCTS_DIR)/Swatch This.app/Swatch This";
			};
			name = Debug;
		};
		632CC92B24B6B12600EBD566 /* Release */ = {
			isa = XCBuildConfiguration;
			buildSettings = {
				BUNDLE_LOADER = "$(TEST_HOST)";
				CODE_SIGN_STYLE = Automatic;
				DEVELOPMENT_TEAM = KRY6K4CUHC;
				INFOPLIST_FILE = "Swatch ThisTests/Info.plist";
				IPHONEOS_DEPLOYMENT_TARGET = 13.5;
				LD_RUNPATH_SEARCH_PATHS = (
					"$(inherited)",
					"@executable_path/Frameworks",
					"@loader_path/Frameworks",
				);
				PRODUCT_BUNDLE_IDENTIFIER = "com.radiosilence.Swatch.Swatch-ThisTests";
				PRODUCT_NAME = "$(TARGET_NAME)";
				SWIFT_VERSION = 5.0;
				TARGETED_DEVICE_FAMILY = "1,2";
				TEST_HOST = "$(BUILT_PRODUCTS_DIR)/Swatch This.app/Swatch This";
			};
			name = Release;
		};
		632CC92D24B6B12600EBD566 /* Debug */ = {
			isa = XCBuildConfiguration;
			buildSettings = {
				CODE_SIGN_STYLE = Automatic;
				DEVELOPMENT_TEAM = KRY6K4CUHC;
				INFOPLIST_FILE = "Swatch ThisUITests/Info.plist";
				LD_RUNPATH_SEARCH_PATHS = (
					"$(inherited)",
					"@executable_path/Frameworks",
					"@loader_path/Frameworks",
				);
				PRODUCT_BUNDLE_IDENTIFIER = "com.radiosilence.Swatch.Swatch-ThisUITests";
				PRODUCT_NAME = "$(TARGET_NAME)";
				SWIFT_VERSION = 5.0;
				TARGETED_DEVICE_FAMILY = "1,2";
				TEST_TARGET_NAME = "Swatch This";
			};
			name = Debug;
		};
		632CC92E24B6B12600EBD566 /* Release */ = {
			isa = XCBuildConfiguration;
			buildSettings = {
				CODE_SIGN_STYLE = Automatic;
				DEVELOPMENT_TEAM = KRY6K4CUHC;
				INFOPLIST_FILE = "Swatch ThisUITests/Info.plist";
				LD_RUNPATH_SEARCH_PATHS = (
					"$(inherited)",
					"@executable_path/Frameworks",
					"@loader_path/Frameworks",
				);
				PRODUCT_BUNDLE_IDENTIFIER = "com.radiosilence.Swatch.Swatch-ThisUITests";
				PRODUCT_NAME = "$(TARGET_NAME)";
				SWIFT_VERSION = 5.0;
				TARGETED_DEVICE_FAMILY = "1,2";
				TEST_TARGET_NAME = "Swatch This";
			};
			name = Release;
		};
/* End XCBuildConfiguration section */

/* Begin XCConfigurationList section */
		632CC8F724B6B12500EBD566 /* Build configuration list for PBXProject "Swatch This" */ = {
			isa = XCConfigurationList;
			buildConfigurations = (
				632CC92424B6B12600EBD566 /* Debug */,
				632CC92524B6B12600EBD566 /* Release */,
			);
			defaultConfigurationIsVisible = 0;
			defaultConfigurationName = Release;
		};
		632CC92624B6B12600EBD566 /* Build configuration list for PBXNativeTarget "Swatch This" */ = {
			isa = XCConfigurationList;
			buildConfigurations = (
				632CC92724B6B12600EBD566 /* Debug */,
				632CC92824B6B12600EBD566 /* Release */,
			);
			defaultConfigurationIsVisible = 0;
			defaultConfigurationName = Release;
		};
		632CC92924B6B12600EBD566 /* Build configuration list for PBXNativeTarget "Swatch ThisTests" */ = {
			isa = XCConfigurationList;
			buildConfigurations = (
				632CC92A24B6B12600EBD566 /* Debug */,
				632CC92B24B6B12600EBD566 /* Release */,
			);
			defaultConfigurationIsVisible = 0;
			defaultConfigurationName = Release;
		};
		632CC92C24B6B12600EBD566 /* Build configuration list for PBXNativeTarget "Swatch ThisUITests" */ = {
			isa = XCConfigurationList;
			buildConfigurations = (
				632CC92D24B6B12600EBD566 /* Debug */,
				632CC92E24B6B12600EBD566 /* Release */,
			);
			defaultConfigurationIsVisible = 0;
			defaultConfigurationName = Release;
		};
/* End XCConfigurationList section */

/* Begin XCRemoteSwiftPackageReference section */
		6311C7652C8660E400E70312 /* XCRemoteSwiftPackageReference "firebase-ios-sdk" */ = {
			isa = XCRemoteSwiftPackageReference;
			repositoryURL = "https://github.com/firebase/firebase-ios-sdk";
			requirement = {
				kind = upToNextMajorVersion;
				minimumVersion = 11.1.0;
			};
		};
		6311C7762C86663600E70312 /* XCRemoteSwiftPackageReference "GoogleSignIn-iOS" */ = {
			isa = XCRemoteSwiftPackageReference;
			repositoryURL = "https://github.com/google/GoogleSignIn-iOS.git";
			requirement = {
				kind = upToNextMajorVersion;
				minimumVersion = 8.0.0;
			};
		};
		6318884526B62BDF00CA7A06 /* XCRemoteSwiftPackageReference "ConfettiSwiftUI" */ = {
			isa = XCRemoteSwiftPackageReference;
			repositoryURL = "https://github.com/simibac/ConfettiSwiftUI";
			requirement = {
				branch = master;
				kind = branch;
			};
		};
		63F2922A2657387C00A1A5AC /* XCRemoteSwiftPackageReference "SwiftUI-Introspect" */ = {
			isa = XCRemoteSwiftPackageReference;
			repositoryURL = "https://github.com/siteline/SwiftUI-Introspect.git";
			requirement = {
				kind = upToNextMajorVersion;
				minimumVersion = 0.1.3;
			};
		};
/* End XCRemoteSwiftPackageReference section */

/* Begin XCSwiftPackageProductDependency section */
		6311C7662C8660E400E70312 /* FirebaseAnalytics */ = {
			isa = XCSwiftPackageProductDependency;
			package = 6311C7652C8660E400E70312 /* XCRemoteSwiftPackageReference "firebase-ios-sdk" */;
			productName = FirebaseAnalytics;
		};
		6311C7682C8660E400E70312 /* FirebaseAuth */ = {
			isa = XCSwiftPackageProductDependency;
			package = 6311C7652C8660E400E70312 /* XCRemoteSwiftPackageReference "firebase-ios-sdk" */;
			productName = FirebaseAuth;
		};
		6311C76A2C8660E400E70312 /* FirebaseCrashlytics */ = {
			isa = XCSwiftPackageProductDependency;
			package = 6311C7652C8660E400E70312 /* XCRemoteSwiftPackageReference "firebase-ios-sdk" */;
			productName = FirebaseCrashlytics;
		};
		6311C76C2C8660E400E70312 /* FirebaseFirestore */ = {
			isa = XCSwiftPackageProductDependency;
			package = 6311C7652C8660E400E70312 /* XCRemoteSwiftPackageReference "firebase-ios-sdk" */;
			productName = FirebaseFirestore;
		};
		6311C7772C86663600E70312 /* GoogleSignIn */ = {
			isa = XCSwiftPackageProductDependency;
			package = 6311C7762C86663600E70312 /* XCRemoteSwiftPackageReference "GoogleSignIn-iOS" */;
			productName = GoogleSignIn;
		};
		6311C7792C86663600E70312 /* GoogleSignInSwift */ = {
			isa = XCSwiftPackageProductDependency;
			package = 6311C7762C86663600E70312 /* XCRemoteSwiftPackageReference "GoogleSignIn-iOS" */;
			productName = GoogleSignInSwift;
		};
		6318884626B62BDF00CA7A06 /* ConfettiSwiftUI */ = {
			isa = XCSwiftPackageProductDependency;
			package = 6318884526B62BDF00CA7A06 /* XCRemoteSwiftPackageReference "ConfettiSwiftUI" */;
			productName = ConfettiSwiftUI;
		};
		63F2922B2657387C00A1A5AC /* Introspect */ = {
			isa = XCSwiftPackageProductDependency;
			package = 63F2922A2657387C00A1A5AC /* XCRemoteSwiftPackageReference "SwiftUI-Introspect" */;
			productName = Introspect;
		};
/* End XCSwiftPackageProductDependency section */
	};
	rootObject = 632CC8F424B6B12500EBD566 /* Project object */;
}
